
Microsoft Visual Studio Solution File, Format Version 12.00
# Visual Studio Version 17
VisualStudioVersion = 17.8.34205.153
MinimumVisualStudioVersion = 10.0.40219.1
Project("{9A19103F-16F7-4668-BE54-9A1E7A4F7556}") = "Undersoft.SSC.Web.Application.Client", "src\Undersoft.SSC.Web.Application.Client\Undersoft.SSC.Web.Application.Client.csproj", "{D2B39DBE-907B-416A-AB05-BC769B8E70D6}"
EndProject
Project("{9A19103F-16F7-4668-BE54-9A1E7A4F7556}") = "Undersoft.SSC.Web.Application.Server", "src\Undersoft.SSC.Web.Application.Server\Undersoft.SSC.Web.Application.Server.csproj", "{F7FD2A3E-E508-497D-A8FB-5074B29A4CBC}"
EndProject
Project("{9A19103F-16F7-4668-BE54-9A1E7A4F7556}") = "Undersoft.SSC.Web.Service", "src\Undersoft.SSC.Web.Service\Undersoft.SSC.Web.Service.csproj", "{54AADFCB-3C2D-43C6-BFA6-5EC18B8A04DD}"
EndProject
Global
	GlobalSection(SolutionConfigurationPlatforms) = preSolution
		Debug|Any CPU = Debug|Any CPU
		Release|Any CPU = Release|Any CPU
	EndGlobalSection
	GlobalSection(ProjectConfigurationPlatforms) = postSolution
		{D2B39DBE-907B-416A-AB05-BC769B8E70D6}.Debug|Any CPU.ActiveCfg = Debug|Any CPU
		{D2B39DBE-907B-416A-AB05-BC769B8E70D6}.Debug|Any CPU.Build.0 = Debug|Any CPU
		{D2B39DBE-907B-416A-AB05-BC769B8E70D6}.Release|Any CPU.ActiveCfg = Release|Any CPU
		{D2B39DBE-907B-416A-AB05-BC769B8E70D6}.Release|Any CPU.Build.0 = Release|Any CPU
		{F7FD2A3E-E508-497D-A8FB-5074B29A4CBC}.Debug|Any CPU.ActiveCfg = Debug|Any CPU
		{F7FD2A3E-E508-497D-A8FB-5074B29A4CBC}.Debug|Any CPU.Build.0 = Debug|Any CPU
		{F7FD2A3E-E508-497D-A8FB-5074B29A4CBC}.Release|Any CPU.ActiveCfg = Release|Any CPU
		{F7FD2A3E-E508-497D-A8FB-5074B29A4CBC}.Release|Any CPU.Build.0 = Release|Any CPU
		{54AADFCB-3C2D-43C6-BFA6-5EC18B8A04DD}.Debug|Any CPU.ActiveCfg = Debug|Any CPU
		{54AADFCB-3C2D-43C6-BFA6-5EC18B8A04DD}.Debug|Any CPU.Build.0 = Debug|Any CPU
		{54AADFCB-3C2D-43C6-BFA6-5EC18B8A04DD}.Release|Any CPU.ActiveCfg = Release|Any CPU
		{54AADFCB-3C2D-43C6-BFA6-5EC18B8A04DD}.Release|Any CPU.Build.0 = Release|Any CPU
	EndGlobalSection
	GlobalSection(SolutionProperties) = preSolution
		HideSolutionNode = FALSE
	EndGlobalSection
	GlobalSection(ExtensibilityGlobals) = postSolution
		SolutionGuid = {A7D19D3B-D9BC-45A7-98C6-4693A8C29EDA}
	EndGlobalSection
EndGlobal
